// !$*UTF8*$!
{
	archiveVersion = 1;
	classes = {
	};
	objectVersion = 56;
	objects = {

/* Begin PBXBuildFile section */
		8314C726291A354D00FD8401 /* AppDelegate.swift in Sources */ = {isa = PBXBuildFile; fileRef = 8314C725291A354D00FD8401 /* AppDelegate.swift */; };
		8314C728291A354D00FD8401 /* SceneDelegate.swift in Sources */ = {isa = PBXBuildFile; fileRef = 8314C727291A354D00FD8401 /* SceneDelegate.swift */; };
		8314C72D291A354D00FD8401 /* Main.storyboard in Resources */ = {isa = PBXBuildFile; fileRef = 8314C72B291A354D00FD8401 /* Main.storyboard */; };
		8314C72F291A354E00FD8401 /* Assets.xcassets in Resources */ = {isa = PBXBuildFile; fileRef = 8314C72E291A354E00FD8401 /* Assets.xcassets */; };
		8314C732291A354E00FD8401 /* LaunchScreen.storyboard in Resources */ = {isa = PBXBuildFile; fileRef = 8314C730291A354E00FD8401 /* LaunchScreen.storyboard */; };
		8314C73A291A365500FD8401 /* ColorsTableVC.swift in Sources */ = {isa = PBXBuildFile; fileRef = 8314C739291A365500FD8401 /* ColorsTableVC.swift */; };
		8314C73C291A391D00FD8401 /* ColorsDetailVC.swift in Sources */ = {isa = PBXBuildFile; fileRef = 8314C73B291A391D00FD8401 /* ColorsDetailVC.swift */; };
/* End PBXBuildFile section */

/* Begin PBXFileReference section */
		8314C722291A354D00FD8401 /* RandomColors.app */ = {isa = PBXFileReference; explicitFileType = wrapper.application; includeInIndex = 0; path = RandomColors.app; sourceTree = BUILT_PRODUCTS_DIR; };
		8314C725291A354D00FD8401 /* AppDelegate.swift */ = {isa = PBXFileReference; lastKnownFileType = sourcecode.swift; path = AppDelegate.swift; sourceTree = "<group>"; };
		8314C727291A354D00FD8401 /* SceneDelegate.swift */ = {isa = PBXFileReference; lastKnownFileType = sourcecode.swift; path = SceneDelegate.swift; sourceTree = "<group>"; };
		8314C72C291A354D00FD8401 /* Base */ = {isa = PBXFileReference; lastKnownFileType = file.storyboard; name = Base; path = Base.lproj/Main.storyboard; sourceTree = "<group>"; };
		8314C72E291A354E00FD8401 /* Assets.xcassets */ = {isa = PBXFileReference; lastKnownFileType = folder.assetcatalog; path = Assets.xcassets; sourceTree = "<group>"; };
		8314C731291A354E00FD8401 /* Base */ = {isa = PBXFileReference; lastKnownFileType = file.storyboard; name = Base; path = Base.lproj/LaunchScreen.storyboard; sourceTree = "<group>"; };
		8314C733291A354E00FD8401 /* Info.plist */ = {isa = PBXFileReference; lastKnownFileType = text.plist.xml; path = Info.plist; sourceTree = "<group>"; };
		8314C739291A365500FD8401 /* ColorsTableVC.swift */ = {isa = PBXFileReference; lastKnownFileType = sourcecode.swift; path = ColorsTableVC.swift; sourceTree = "<group>"; };
		8314C73B291A391D00FD8401 /* ColorsDetailVC.swift */ = {isa = PBXFileReference; lastKnownFileType = sourcecode.swift; path = ColorsDetailVC.swift; sourceTree = "<group>"; };
/* End PBXFileReference section */

/* Begin PBXFrameworksBuildPhase section */
		8314C71F291A354D00FD8401 /* Frameworks */ = {
			isa = PBXFrameworksBuildPhase;
			buildActionMask = 2147483647;
			files = (
			);
			runOnlyForDeploymentPostprocessing = 0;
		};
/* End PBXFrameworksBuildPhase section */

/* Begin PBXGroup section */
		8314C719291A354D00FD8401 = {
			isa = PBXGroup;
			children = (
				8314C724291A354D00FD8401 /* RandomColors */,
				8314C723291A354D00FD8401 /* Products */,
			);
			sourceTree = "<group>";
		};
		8314C723291A354D00FD8401 /* Products */ = {
			isa = PBXGroup;
			children = (
				8314C722291A354D00FD8401 /* RandomColors.app */,
			);
			name = Products;
			sourceTree = "<group>";
		};
		8314C724291A354D00FD8401 /* RandomColors */ = {
			isa = PBXGroup;
			children = (
				8314C725291A354D00FD8401 /* AppDelegate.swift */,
				8314C727291A354D00FD8401 /* SceneDelegate.swift */,
				8314C739291A365500FD8401 /* ColorsTableVC.swift */,
				8314C73B291A391D00FD8401 /* ColorsDetailVC.swift */,
				8314C72B291A354D00FD8401 /* Main.storyboard */,
				8314C72E291A354E00FD8401 /* Assets.xcassets */,
				8314C730291A354E00FD8401 /* LaunchScreen.storyboard */,
				8314C733291A354E00FD8401 /* Info.plist */,
			);
			path = RandomColors;
			sourceTree = "<group>";
		};
/* End PBXGroup section */

/* Begin PBXNativeTarget section */
		8314C721291A354D00FD8401 /* RandomColors */ = {
			isa = PBXNativeTarget;
			buildConfigurationList = 8314C736291A354E00FD8401 /* Build configuration list for PBXNativeTarget "RandomColors" */;
			buildPhases = (
				8314C71E291A354D00FD8401 /* Sources */,
				8314C71F291A354D00FD8401 /* Frameworks */,
				8314C720291A354D00FD8401 /* Resources */,
			);
			buildRules = (
			);
			dependencies = (
			);
			name = RandomColors;
			productName = RandomColors;
			productReference = 8314C722291A354D00FD8401 /* RandomColors.app */;
			productType = "com.apple.product-type.application";
		};
/* End PBXNativeTarget section */

/* Begin PBXProject section */
		8314C71A291A354D00FD8401 /* Project object */ = {
			isa = PBXProject;
			attributes = {
				BuildIndependentTargetsInParallel = 1;
				LastSwiftUpdateCheck = 1410;
				LastUpgradeCheck = 1410;
				TargetAttributes = {
					8314C721291A354D00FD8401 = {
						CreatedOnToolsVersion = 14.1;
					};
				};
			};
			buildConfigurationList = 8314C71D291A354D00FD8401 /* Build configuration list for PBXProject "RandomColors" */;
			compatibilityVersion = "Xcode 14.0";
			developmentRegion = en;
			hasScannedForEncodings = 0;
			knownRegions = (
				en,
				Base,
			);
			mainGroup = 8314C719291A354D00FD8401;
			productRefGroup = 8314C723291A354D00FD8401 /* Products */;
			projectDirPath = "";
			projectRoot = "";
			targets = (
				8314C721291A354D00FD8401 /* RandomColors */,
			);
		};
/* End PBXProject section */

/* Begin PBXResourcesBuildPhase section */
		8314C720291A354D00FD8401 /* Resources */ = {
			isa = PBXResourcesBuildPhase;
			buildActionMask = 2147483647;
			files = (
				8314C732291A354E00FD8401 /* LaunchScreen.storyboard in Resources */,
				8314C72F291A354E00FD8401 /* Assets.xcassets in Resources */,
				8314C72D291A354D00FD8401 /* Main.storyboard in Resources */,
			);
			runOnlyForDeploymentPostprocessing = 0;
		};
/* End PBXResourcesBuildPhase section */

/* Begin PBXSourcesBuildPhase section */
		8314C71E291A354D00FD8401 /* Sources */ = {
			isa = PBXSourcesBuildPhase;
			buildActionMask = 2147483647;
			files = (
				8314C73A291A365500FD8401 /* ColorsTableVC.swift in Sources */,
				8314C73C291A391D00FD8401 /* ColorsDetailVC.swift in Sources */,
				8314C726291A354D00FD8401 /* AppDelegate.swift in Sources */,
				8314C728291A354D00FD8401 /* SceneDelegate.swift in Sources */,
			);
			runOnlyForDeploymentPostprocessing = 0;
		};
/* End PBXSourcesBuildPhase section */

/* Begin PBXVariantGroup section */
		8314C72B291A354D00FD8401 /* Main.storyboard */ = {
			isa = PBXVariantGroup;
			children = (
				8314C72C291A354D00FD8401 /* Base */,
			);
			name = Main.storyboard;
			sourceTree = "<group>";
		};
		8314C730291A354E00FD8401 /* LaunchScreen.storyboard */ = {
			isa = PBXVariantGroup;
			children = (
				8314C731291A354E00FD8401 /* Base */,
			);
			name = LaunchScreen.storyboard;
			sourceTree = "<group>";
		};
/* End PBXVariantGroup section */

/* Begin XCBuildConfiguration section */
		8314C734291A354E00FD8401 /* Debug */ = {
			isa = XCBuildConfiguration;
			buildSettings = {
				ALWAYS_SEARCH_USER_PATHS = NO;
				CLANG_ANALYZER_NONNULL = YES;
				CLANG_ANALYZER_NUMBER_OBJECT_CONVERSION = YES_AGGRESSIVE;
				CLANG_CXX_LANGUAGE_STANDARD = "gnu++20";
				CLANG_ENABLE_MODULES = YES;
				CLANG_ENABLE_OBJC_ARC = YES;
				CLANG_ENABLE_OBJC_WEAK = YES;
				CLANG_WARN_BLOCK_CAPTURE_AUTORELEASING = YES;
				CLANG_WARN_BOOL_CONVERSION = YES;
				CLANG_WARN_COMMA = YES;
				CLANG_WARN_CONSTANT_CONVERSION = YES;
				CLANG_WARN_DEPRECATED_OBJC_IMPLEMENTATIONS = YES;
				CLANG_WARN_DIRECT_OBJC_ISA_USAGE = YES_ERROR;
				CLANG_WARN_DOCUMENTATION_COMMENTS = YES;
				CLANG_WARN_EMPTY_BODY = YES;
				CLANG_WARN_ENUM_CONVERSION = YES;
				CLANG_WARN_INFINITE_RECURSION = YES;
				CLANG_WARN_INT_CONVERSION = YES;
				CLANG_WARN_NON_LITERAL_NULL_CONVERSION = YES;
				CLANG_WARN_OBJC_IMPLICIT_RETAIN_SELF = YES;
				CLANG_WARN_OBJC_LITERAL_CONVERSION = YES;
				CLANG_WARN_OBJC_ROOT_CLASS = YES_ERROR;
				CLANG_WARN_QUOTED_INCLUDE_IN_FRAMEWORK_HEADER = YES;
				CLANG_WARN_RANGE_LOOP_ANALYSIS = YES;
				CLANG_WARN_STRICT_PROTOTYPES = YES;
				CLANG_WARN_SUSPICIOUS_MOVE = YES;
				CLANG_WARN_UNGUARDED_AVAILABILITY = YES_AGGRESSIVE;
				CLANG_WARN_UNREACHABLE_CODE = YES;
				CLANG_WARN__DUPLICATE_METHOD_MATCH = YES;
				COPY_PHASE_STRIP = NO;
				DEBUG_INFORMATION_FORMAT = dwarf;
				ENABLE_STRICT_OBJC_MSGSEND = YES;
				ENABLE_TESTABILITY = YES;
				GCC_C_LANGUAGE_STANDARD = gnu11;
				GCC_DYNAMIC_NO_PIC = NO;
				GCC_NO_COMMON_BLOCKS = YES;
				GCC_OPTIMIZATION_LEVEL = 0;
				GCC_PREPROCESSOR_DEFINITIONS = (
					"DEBUG=1",
					"$(inherited)",
				);
				GCC_WARN_64_TO_32_BIT_CONVERSION = YES;
				GCC_WARN_ABOUT_RETURN_TYPE = YES_ERROR;
				GCC_WARN_UNDECLARED_SELECTOR = YES;
				GCC_WARN_UNINITIALIZED_AUTOS = YES_AGGRESSIVE;
				GCC_WARN_UNUSED_FUNCTION = YES;
				GCC_WARN_UNUSED_VARIABLE = YES;
				IPHONEOS_DEPLOYMENT_TARGET = 16.1;
				MTL_ENABLE_DEBUG_INFO = INCLUDE_SOURCE;
				MTL_FAST_MATH = YES;
				ONLY_ACTIVE_ARCH = YES;
				SDKROOT = iphoneos;
				SWIFT_ACTIVE_COMPILATION_CONDITIONS = DEBUG;
				SWIFT_OPTIMIZATION_LEVEL = "-Onone";
			};
			name = Debug;
		};
		8314C735291A354E00FD8401 /* Release */ = {
			isa = XCBuildConfiguration;
			buildSettings = {
				ALWAYS_SEARCH_USER_PATHS = NO;
				CLANG_ANALYZER_NONNULL = YES;
				CLANG_ANALYZER_NUMBER_OBJECT_CONVERSION = YES_AGGRESSIVE;
				CLANG_CXX_LANGUAGE_STANDARD = "gnu++20";
				CLANG_ENABLE_MODULES = YES;
				CLANG_ENABLE_OBJC_ARC = YES;
				CLANG_ENABLE_OBJC_WEAK = YES;
				CLANG_WARN_BLOCK_CAPTURE_AUTORELEASING = YES;
				CLANG_WARN_BOOL_CONVERSION = YES;
				CLANG_WARN_COMMA = YES;
				CLANG_WARN_CONSTANT_CONVERSION = YES;
				CLANG_WARN_DEPRECATED_OBJC_IMPLEMENTATIONS = YES;
				CLANG_WARN_DIRECT_OBJC_ISA_USAGE = YES_ERROR;
				CLANG_WARN_DOCUMENTATION_COMMENTS = YES;
				CLANG_WARN_EMPTY_BODY = YES;
				CLANG_WARN_ENUM_CONVERSION = YES;
				CLANG_WARN_INFINITE_RECURSION = YES;
				CLANG_WARN_INT_CONVERSION = YES;
				CLANG_WARN_NON_LITERAL_NULL_CONVERSION = YES;
				CLANG_WARN_OBJC_IMPLICIT_RETAIN_SELF = YES;
				CLANG_WARN_OBJC_LITERAL_CONVERSION = YES;
				CLANG_WARN_OBJC_ROOT_CLASS = YES_ERROR;
				CLANG_WARN_QUOTED_INCLUDE_IN_FRAMEWORK_HEADER = YES;
				CLANG_WARN_RANGE_LOOP_ANALYSIS = YES;
				CLANG_WARN_STRICT_PROTOTYPES = YES;
				CLANG_WARN_SUSPICIOUS_MOVE = YES;
				CLANG_WARN_UNGUARDED_AVAILABILITY = YES_AGGRESSIVE;
				CLANG_WARN_UNREACHABLE_CODE = YES;
				CLANG_WARN__DUPLICATE_METHOD_MATCH = YES;
				COPY_PHASE_STRIP = NO;
				DEBUG_INFORMATION_FORMAT = "dwarf-with-dsym";
				ENABLE_NS_ASSERTIONS = NO;
				ENABLE_STRICT_OBJC_MSGSEND = YES;
				GCC_C_LANGUAGE_STANDARD = gnu11;
				GCC_NO_COMMON_BLOCKS = YES;
				GCC_WARN_64_TO_32_BIT_CONVERSION = YES;
				GCC_WARN_ABOUT_RETURN_TYPE = YES_ERROR;
				GCC_WARN_UNDECLARED_SELECTOR = YES;
				GCC_WARN_UNINITIALIZED_AUTOS = YES_AGGRESSIVE;
				GCC_WARN_UNUSED_FUNCTION = YES;
				GCC_WARN_UNUSED_VARIABLE = YES;
				IPHONEOS_DEPLOYMENT_TARGET = 16.1;
				MTL_ENABLE_DEBUG_INFO = NO;
				MTL_FAST_MATH = YES;
				SDKROOT = iphoneos;
				SWIFT_COMPILATION_MODE = wholemodule;
				SWIFT_OPTIMIZATION_LEVEL = "-O";
				VALIDATE_PRODUCT = YES;
			};
			name = Release;
		};
		8314C737291A354E00FD8401 /* Debug */ = {
			isa = XCBuildConfiguration;
			buildSettings = {
				ASSETCATALOG_COMPILER_APPICON_NAME = AppIcon;
				ASSETCATALOG_COMPILER_GLOBAL_ACCENT_COLOR_NAME = AccentColor;
				CODE_SIGN_STYLE = Automatic;
				CURRENT_PROJECT_VERSION = 1;
				DEVELOPMENT_TEAM = 4GT9744QB6;
				GENERATE_INFOPLIST_FILE = YES;
				INFOPLIST_FILE = RandomColors/Info.plist;
				INFOPLIST_KEY_UIApplicationSupportsIndirectInputEvents = YES;
				INFOPLIST_KEY_UILaunchStoryboardName = LaunchScreen;
				INFOPLIST_KEY_UIMainStoryboardFile = Main;
				INFOPLIST_KEY_UISupportedInterfaceOrientations_iPad = "UIInterfaceOrientationPortrait UIInterfaceOrientationPortraitUpsideDown UIInterfaceOrientationLandscapeLeft UIInterfaceOrientationLandscapeRight";
				INFOPLIST_KEY_UISupportedInterfaceOrientations_iPhone = "UIInterfaceOrientationPortrait UIInterfaceOrientationLandscapeLeft UIInterfaceOrientationLandscapeRight";
				LD_RUNPATH_SEARCH_PATHS = (
					"$(inherited)",
					"@executable_path/Frameworks",
				);
				MARKETING_VERSION = 1.0;
				PRODUCT_BUNDLE_IDENTIFIER = co.marcoduran.RandomColors;
				PRODUCT_NAME = "$(TARGET_NAME)";
				SWIFT_EMIT_LOC_STRINGS = YES;
				SWIFT_VERSION = 5.0;
				TARGETED_DEVICE_FAMILY = "1,2";
			};
			name = Debug;
		};
		8314C738291A354E00FD8401 /* Release */ = {
			isa = XCBuildConfiguration;
			buildSettings = {
				ASSETCATALOG_COMPILER_APPICON_NAME = AppIcon;
				ASSETCATALOG_COMPILER_GLOBAL_ACCENT_COLOR_NAME = AccentColor;
				CODE_SIGN_STYLE = Automatic;
				CURRENT_PROJECT_VERSION = 1;
				DEVELOPMENT_TEAM = 4GT9744QB6;
				GENERATE_INFOPLIST_FILE = YES;
				INFOPLIST_FILE = RandomColors/Info.plist;
				INFOPLIST_KEY_UIApplicationSupportsIndirectInputEvents = YES;
				INFOPLIST_KEY_UILaunchStoryboardName = LaunchScreen;
				INFOPLIST_KEY_UIMainStoryboardFile = Main;
				INFOPLIST_KEY_UISupportedInterfaceOrientations_iPad = "UIInterfaceOrientationPortrait UIInterfaceOrientationPortraitUpsideDown UIInterfaceOrientationLandscapeLeft UIInterfaceOrientationLandscapeRight";
				INFOPLIST_KEY_UISupportedInterfaceOrientations_iPhone = "UIInterfaceOrientationPortrait UIInterfaceOrientationLandscapeLeft UIInterfaceOrientationLandscapeRight";
				LD_RUNPATH_SEARCH_PATHS = (
					"$(inherited)",
					"@executable_path/Frameworks",
				);
				MARKETING_VERSION = 1.0;
				PRODUCT_BUNDLE_IDENTIFIER = co.marcoduran.RandomColors;
				PRODUCT_NAME = "$(TARGET_NAME)";
				SWIFT_EMIT_LOC_STRINGS = YES;
				SWIFT_VERSION = 5.0;
				TARGETED_DEVICE_FAMILY = "1,2";
			};
			name = Release;
		};
/* End XCBuildConfiguration section */

/* Begin XCConfigurationList section */
		8314C71D291A354D00FD8401 /* Build configuration list for PBXProject "RandomColors" */ = {
			isa = XCConfigurationList;
			buildConfigurations = (
				8314C734291A354E00FD8401 /* Debug */,
				8314C735291A354E00FD8401 /* Release */,
			);
			defaultConfigurationIsVisible = 0;
			defaultConfigurationName = Release;
		};
		8314C736291A354E00FD8401 /* Build configuration list for PBXNativeTarget "RandomColors" */ = {
			isa = XCConfigurationList;
			buildConfigurations = (
				8314C737291A354E00FD8401 /* Debug */,
				8314C738291A354E00FD8401 /* Release */,
			);
			defaultConfigurationIsVisible = 0;
			defaultConfigurationName = Release;
		};
/* End XCConfigurationList section */
	};
	rootObject = 8314C71A291A354D00FD8401 /* Project object */;
}
